
Microsoft Visual Studio Solution File, Format Version 12.00
# Visual Studio 15
VisualStudioVersion = 15.0.28307.271
MinimumVisualStudioVersion = 10.0.40219.1
Project("{9A19103F-16F7-4668-BE54-9A1E7A4F7556}") = "SampleTAP", "SampleTAP\SampleTAP.csproj", "{C7E14028-C5F5-48DE-B5D7-C6BC90032DE3}"
EndProject
Project("{9A19103F-16F7-4668-BE54-9A1E7A4F7556}") = "CombinationTAP", "CombinationTAP\CombinationTAP.csproj", "{8A14CFF9-75A3-4E29-82E9-9E77B4948D50}"
EndProject
Project("{9A19103F-16F7-4668-BE54-9A1E7A4F7556}") = "Sample.Util", "Sample.Util\Sample.Util.csproj", "{B6D8B01C-8C1B-46BF-BB4C-24AC05F35DD7}"
EndProject
Global
	GlobalSection(SolutionConfigurationPlatforms) = preSolution
		Debug|Any CPU = Debug|Any CPU
		Release|Any CPU = Release|Any CPU
	EndGlobalSection
	GlobalSection(ProjectConfigurationPlatforms) = postSolution
		{C7E14028-C5F5-48DE-B5D7-C6BC90032DE3}.Debug|Any CPU.ActiveCfg = Debug|Any CPU
		{C7E14028-C5F5-48DE-B5D7-C6BC90032DE3}.Debug|Any CPU.Build.0 = Debug|Any CPU
		{C7E14028-C5F5-48DE-B5D7-C6BC90032DE3}.Release|Any CPU.ActiveCfg = Release|Any CPU
		{C7E14028-C5F5-48DE-B5D7-C6BC90032DE3}.Release|Any CPU.Build.0 = Release|Any CPU
		{8A14CFF9-75A3-4E29-82E9-9E77B4948D50}.Debug|Any CPU.ActiveCfg = Debug|Any CPU
		{8A14CFF9-75A3-4E29-82E9-9E77B4948D50}.Debug|Any CPU.Build.0 = Debug|Any CPU
		{8A14CFF9-75A3-4E29-82E9-9E77B4948D50}.Release|Any CPU.ActiveCfg = Release|Any CPU
		{8A14CFF9-75A3-4E29-82E9-9E77B4948D50}.Release|Any CPU.Build.0 = Release|Any CPU
		{B6D8B01C-8C1B-46BF-BB4C-24AC05F35DD7}.Debug|Any CPU.ActiveCfg = Debug|Any CPU
		{B6D8B01C-8C1B-46BF-BB4C-24AC05F35DD7}.Debug|Any CPU.Build.0 = Debug|Any CPU
		{B6D8B01C-8C1B-46BF-BB4C-24AC05F35DD7}.Release|Any CPU.ActiveCfg = Release|Any CPU
		{B6D8B01C-8C1B-46BF-BB4C-24AC05F35DD7}.Release|Any CPU.Build.0 = Release|Any CPU
	EndGlobalSection
	GlobalSection(SolutionProperties) = preSolution
		HideSolutionNode = FALSE
	EndGlobalSection
	GlobalSection(ExtensibilityGlobals) = postSolution
		SolutionGuid = {20BB4777-18D7-4A20-8FD3-99F2CE071988}
	EndGlobalSection
EndGlobal
